Microsoft Visual Studio Solution File, Format Version 12.00
# Visual Studio 2012
Project("{FAE04EC0-301F-11D3-BF4B-00C04F79EFBC}") = "Rocket", "Rocket.csproj", "{B258394C-4F1C-4802-A3B5-191A4FC29954}"
EndProject
Global
	GlobalSection(SolutionConfigurationPlatforms) = preSolution
	Debug|Any CPU = Debug|Any CPU
	ExportDebug|Any CPU = ExportDebug|Any CPU
	ExportRelease|Any CPU = ExportRelease|Any CPU
	EndGlobalSection
	GlobalSection(ProjectConfigurationPlatforms) = postSolution
		{B258394C-4F1C-4802-A3B5-191A4FC29954}.Debug|Any CPU.ActiveCfg = Debug|Any CPU
		{B258394C-4F1C-4802-A3B5-191A4FC29954}.Debug|Any CPU.Build.0 = Debug|Any CPU
		{B258394C-4F1C-4802-A3B5-191A4FC29954}.ExportDebug|Any CPU.ActiveCfg = ExportDebug|Any CPU
		{B258394C-4F1C-4802-A3B5-191A4FC29954}.ExportDebug|Any CPU.Build.0 = ExportDebug|Any CPU
		{B258394C-4F1C-4802-A3B5-191A4FC29954}.ExportRelease|Any CPU.ActiveCfg = ExportRelease|Any CPU
		{B258394C-4F1C-4802-A3B5-191A4FC29954}.ExportRelease|Any CPU.Build.0 = ExportRelease|Any CPU
	EndGlobalSection
EndGlobal
